
Microsoft Visual Studio Solution File, Format Version 12.00
# Visual Studio 15
Project("{FAE04EC0-301F-11D3-BF4B-00C04F79EFBC}") = "Assembly-CSharp-Editor", "Assembly-CSharp-Editor.csproj", "{8AFAE397-EB80-4BB8-EEDC-BB4B5C9BE3A6}"
EndProject
Project("{FAE04EC0-301F-11D3-BF4B-00C04F79EFBC}") = "Assembly-CSharp", "Assembly-CSharp.csproj", "{F84F1172-40EF-DF8B-4091-EC988C9B398C}"
EndProject
Global
	GlobalSection(SolutionConfigurationPlatforms) = preSolution
		Debug|Any CPU = Debug|Any CPU
		Release|Any CPU = Release|Any CPU
	EndGlobalSection
	GlobalSection(ProjectConfigurationPlatforms) = postSolution
		{8AFAE397-EB80-4BB8-EEDC-BB4B5C9BE3A6}.Debug|Any CPU.ActiveCfg = Debug|Any CPU
		{8AFAE397-EB80-4BB8-EEDC-BB4B5C9BE3A6}.Debug|Any CPU.Build.0 = Debug|Any CPU
		{8AFAE397-EB80-4BB8-EEDC-BB4B5C9BE3A6}.Release|Any CPU.ActiveCfg = Release|Any CPU
		{8AFAE397-EB80-4BB8-EEDC-BB4B5C9BE3A6}.Release|Any CPU.Build.0 = Release|Any CPU
		{F84F1172-40EF-DF8B-4091-EC988C9B398C}.Debug|Any CPU.ActiveCfg = Debug|Any CPU
		{F84F1172-40EF-DF8B-4091-EC988C9B398C}.Debug|Any CPU.Build.0 = Debug|Any CPU
		{F84F1172-40EF-DF8B-4091-EC988C9B398C}.Release|Any CPU.ActiveCfg = Release|Any CPU
		{F84F1172-40EF-DF8B-4091-EC988C9B398C}.Release|Any CPU.Build.0 = Release|Any CPU
	EndGlobalSection
	GlobalSection(SolutionProperties) = preSolution
		HideSolutionNode = FALSE
	EndGlobalSection
EndGlobal
